// !$*UTF8*$!
{
	archiveVersion = 1;
	classes = {
	};
	objectVersion = 46;
	objects = {

/* Begin PBXBuildFile section */
		4979E9051C9B2D3C0057DCF7 /* main.cpp in Sources */ = {isa = PBXBuildFile; fileRef = 4979E9041C9B2D3C0057DCF7 /* main.cpp */; };
/* End PBXBuildFile section */

/* Begin PBXCopyFilesBuildPhase section */
		4979E8FF1C9B2D3C0057DCF7 /* CopyFiles */ = {
			isa = PBXCopyFilesBuildPhase;
			buildActionMask = 2147483647;
			dstPath = /usr/share/man/man1/;
			dstSubfolderSpec = 0;
			files = (
			);
			runOnlyForDeploymentPostprocessing = 1;
		};
/* End PBXCopyFilesBuildPhase section */

/* Begin PBXFileReference section */
		4979E9011C9B2D3C0057DCF7 /* HPC_Q3ab */ = {isa = PBXFileReference; explicitFileType = "compiled.mach-o.executable"; includeInIndex = 0; path = HPC_Q3ab; sourceTree = BUILT_PRODUCTS_DIR; };
		4979E9041C9B2D3C0057DCF7 /* main.cpp */ = {isa = PBXFileReference; lastKnownFileType = sourcecode.cpp.cpp; path = main.cpp; sourceTree = "<group>"; };
		4979E90B1C9B2D930057DCF7 /* TriMatrix.h */ = {isa = PBXFileReference; fileEncoding = 4; lastKnownFileType = sourcecode.c.h; path = TriMatrix.h; sourceTree = "<group>"; };
/* End PBXFileReference section */

/* Begin PBXFrameworksBuildPhase section */
		4979E8FE1C9B2D3C0057DCF7 /* Frameworks */ = {
			isa = PBXFrameworksBuildPhase;
			buildActionMask = 2147483647;
			files = (
			);
			runOnlyForDeploymentPostprocessing = 0;
		};
/* End PBXFrameworksBuildPhase section */

/* Begin PBXGroup section */
		4979E8F81C9B2D3C0057DCF7 = {
			isa = PBXGroup;
			children = (
				4979E9031C9B2D3C0057DCF7 /* HPC_Q3ab */,
				4979E9021C9B2D3C0057DCF7 /* Products */,
			);
			sourceTree = "<group>";
		};
		4979E9021C9B2D3C0057DCF7 /* Products */ = {
			isa = PBXGroup;
			children = (
				4979E9011C9B2D3C0057DCF7 /* HPC_Q3ab */,
			);
			name = Products;
			sourceTree = "<group>";
		};
		4979E9031C9B2D3C0057DCF7 /* HPC_Q3ab */ = {
			isa = PBXGroup;
			children = (
				4979E9041C9B2D3C0057DCF7 /* main.cpp */,
				4979E90B1C9B2D930057DCF7 /* TriMatrix.h */,
			);
			path = HPC_Q3ab;
			sourceTree = "<group>";
		};
/* End PBXGroup section */

/* Begin PBXNativeTarget section */
		4979E9001C9B2D3C0057DCF7 /* HPC_Q3ab */ = {
			isa = PBXNativeTarget;
			buildConfigurationList = 4979E9081C9B2D3C0057DCF7 /* Build configuration list for PBXNativeTarget "HPC_Q3ab" */;
			buildPhases = (
				4979E8FD1C9B2D3C0057DCF7 /* Sources */,
				4979E8FE1C9B2D3C0057DCF7 /* Frameworks */,
				4979E8FF1C9B2D3C0057DCF7 /* CopyFiles */,
			);
			buildRules = (
			);
			dependencies = (
			);
			name = HPC_Q3ab;
			productName = HPC_Q3ab;
			productReference = 4979E9011C9B2D3C0057DCF7 /* HPC_Q3ab */;
			productType = "com.apple.product-type.tool";
		};
/* End PBXNativeTarget section */

/* Begin PBXProject section */
		4979E8F91C9B2D3C0057DCF7 /* Project object */ = {
			isa = PBXProject;
			attributes = {
				LastUpgradeCheck = 0630;
				ORGANIZATIONNAME = cmc213;
				TargetAttributes = {
					4979E9001C9B2D3C0057DCF7 = {
						CreatedOnToolsVersion = 6.3.2;
					};
				};
			};
			buildConfigurationList = 4979E8FC1C9B2D3C0057DCF7 /* Build configuration list for PBXProject "HPC_Q3ab" */;
			compatibilityVersion = "Xcode 3.2";
			developmentRegion = English;
			hasScannedForEncodings = 0;
			knownRegions = (
				en,
			);
			mainGroup = 4979E8F81C9B2D3C0057DCF7;
			productRefGroup = 4979E9021C9B2D3C0057DCF7 /* Products */;
			projectDirPath = "";
			projectRoot = "";
			targets = (
				4979E9001C9B2D3C0057DCF7 /* HPC_Q3ab */,
			);
		};
/* End PBXProject section */

/* Begin PBXSourcesBuildPhase section */
		4979E8FD1C9B2D3C0057DCF7 /* Sources */ = {
			isa = PBXSourcesBuildPhase;
			buildActionMask = 2147483647;
			files = (
				4979E9051C9B2D3C0057DCF7 /* main.cpp in Sources */,
			);
			runOnlyForDeploymentPostprocessing = 0;
		};
/* End PBXSourcesBuildPhase section */

/* Begin XCBuildConfiguration section */
		4979E9061C9B2D3C0057DCF7 /* Debug */ = {
			isa = XCBuildConfiguration;
			buildSettings = {
				ALWAYS_SEARCH_USER_PATHS = NO;
				CLANG_CXX_LANGUAGE_STANDARD = "gnu++0x";
				CLANG_CXX_LIBRARY = "libc++";
				CLANG_ENABLE_MODULES = YES;
				CLANG_ENABLE_OBJC_ARC = YES;
				CLANG_WARN_BOOL_CONVERSION = YES;
				CLANG_WARN_CONSTANT_CONVERSION = YES;
				CLANG_WARN_DIRECT_OBJC_ISA_USAGE = YES_ERROR;
				CLANG_WARN_EMPTY_BODY = YES;
				CLANG_WARN_ENUM_CONVERSION = YES;
				CLANG_WARN_INT_CONVERSION = YES;
				CLANG_WARN_OBJC_ROOT_CLASS = YES_ERROR;
				CLANG_WARN_UNREACHABLE_CODE = YES;
				CLANG_WARN__DUPLICATE_METHOD_MATCH = YES;
				COPY_PHASE_STRIP = NO;
				DEBUG_INFORMATION_FORMAT = dwarf;
				ENABLE_STRICT_OBJC_MSGSEND = YES;
				GCC_C_LANGUAGE_STANDARD = gnu99;
				GCC_DYNAMIC_NO_PIC = NO;
				GCC_NO_COMMON_BLOCKS = YES;
				GCC_OPTIMIZATION_LEVEL = 0;
				GCC_PREPROCESSOR_DEFINITIONS = (
					"DEBUG=1",
					"$(inherited)",
				);
				GCC_SYMBOLS_PRIVATE_EXTERN = NO;
				GCC_WARN_64_TO_32_BIT_CONVERSION = YES;
				GCC_WARN_ABOUT_RETURN_TYPE = YES_ERROR;
				GCC_WARN_UNDECLARED_SELECTOR = YES;
				GCC_WARN_UNINITIALIZED_AUTOS = YES_AGGRESSIVE;
				GCC_WARN_UNUSED_FUNCTION = YES;
				GCC_WARN_UNUSED_VARIABLE = YES;
				MACOSX_DEPLOYMENT_TARGET = 10.10;
				MTL_ENABLE_DEBUG_INFO = YES;
				ONLY_ACTIVE_ARCH = YES;
				SDKROOT = macosx;
			};
			name = Debug;
		};
		4979E9071C9B2D3C0057DCF7 /* Release */ = {
			isa = XCBuildConfiguration;
			buildSettings = {
				ALWAYS_SEARCH_USER_PATHS = NO;
				CLANG_CXX_LANGUAGE_STANDARD = "gnu++0x";
				CLANG_CXX_LIBRARY = "libc++";
				CLANG_ENABLE_MODULES = YES;
				CLANG_ENABLE_OBJC_ARC = YES;
				CLANG_WARN_BOOL_CONVERSION = YES;
				CLANG_WARN_CONSTANT_CONVERSION = YES;
				CLANG_WARN_DIRECT_OBJC_ISA_USAGE = YES_ERROR;
				CLANG_WARN_EMPTY_BODY = YES;
				CLANG_WARN_ENUM_CONVERSION = YES;
				CLANG_WARN_INT_CONVERSION = YES;
				CLANG_WARN_OBJC_ROOT_CLASS = YES_ERROR;
				CLANG_WARN_UNREACHABLE_CODE = YES;
				CLANG_WARN__DUPLICATE_METHOD_MATCH = YES;
				COPY_PHASE_STRIP = NO;
				DEBUG_INFORMATION_FORMAT = "dwarf-with-dsym";
				ENABLE_NS_ASSERTIONS = NO;
				ENABLE_STRICT_OBJC_MSGSEND = YES;
				GCC_C_LANGUAGE_STANDARD = gnu99;
				GCC_NO_COMMON_BLOCKS = YES;
				GCC_WARN_64_TO_32_BIT_CONVERSION = YES;
				GCC_WARN_ABOUT_RETURN_TYPE = YES_ERROR;
				GCC_WARN_UNDECLARED_SELECTOR = YES;
				GCC_WARN_UNINITIALIZED_AUTOS = YES_AGGRESSIVE;
				GCC_WARN_UNUSED_FUNCTION = YES;
				GCC_WARN_UNUSED_VARIABLE = YES;
				MACOSX_DEPLOYMENT_TARGET = 10.10;
				MTL_ENABLE_DEBUG_INFO = NO;
				SDKROOT = macosx;
			};
			name = Release;
		};
		4979E9091C9B2D3C0057DCF7 /* Debug */ = {
			isa = XCBuildConfiguration;
			buildSettings = {
				PRODUCT_NAME = "$(TARGET_NAME)";
			};
			name = Debug;
		};
		4979E90A1C9B2D3C0057DCF7 /* Release */ = {
			isa = XCBuildConfiguration;
			buildSettings = {
				PRODUCT_NAME = "$(TARGET_NAME)";
			};
			name = Release;
		};
/* End XCBuildConfiguration section */

/* Begin XCConfigurationList section */
		4979E8FC1C9B2D3C0057DCF7 /* Build configuration list for PBXProject "HPC_Q3ab" */ = {
			isa = XCConfigurationList;
			buildConfigurations = (
				4979E9061C9B2D3C0057DCF7 /* Debug */,
				4979E9071C9B2D3C0057DCF7 /* Release */,
			);
			defaultConfigurationIsVisible = 0;
			defaultConfigurationName = Release;
		};
		4979E9081C9B2D3C0057DCF7 /* Build configuration list for PBXNativeTarget "HPC_Q3ab" */ = {
			isa = XCConfigurationList;
			buildConfigurations = (
				4979E9091C9B2D3C0057DCF7 /* Debug */,
				4979E90A1C9B2D3C0057DCF7 /* Release */,
			);
			defaultConfigurationIsVisible = 0;
		};
/* End XCConfigurationList section */
	};
	rootObject = 4979E8F91C9B2D3C0057DCF7 /* Project object */;
}
